
Microsoft Visual Studio Solution File, Format Version 12.00
# Visual Studio Version 17
VisualStudioVersion = 17.0.32112.339
MinimumVisualStudioVersion = 10.0.40219.1
Project("{FAE04EC0-301F-11D3-BF4B-00C04F79EFBC}") = "HolaWindowsForms", "HolaWindowsForms\HolaWindowsForms.csproj", "{8D8D8DAB-4692-4DCC-8D96-ACD8BE6D63D3}"
EndProject
Global
	GlobalSection(SolutionConfigurationPlatforms) = preSolution
		Debug|Any CPU = Debug|Any CPU
		Release|Any CPU = Release|Any CPU
	EndGlobalSection
	GlobalSection(ProjectConfigurationPlatforms) = postSolution
		{8D8D8DAB-4692-4DCC-8D96-ACD8BE6D63D3}.Debug|Any CPU.ActiveCfg = Debug|Any CPU
		{8D8D8DAB-4692-4DCC-8D96-ACD8BE6D63D3}.Debug|Any CPU.Build.0 = Debug|Any CPU
		{8D8D8DAB-4692-4DCC-8D96-ACD8BE6D63D3}.Release|Any CPU.ActiveCfg = Release|Any CPU
		{8D8D8DAB-4692-4DCC-8D96-ACD8BE6D63D3}.Release|Any CPU.Build.0 = Release|Any CPU
	EndGlobalSection
	GlobalSection(SolutionProperties) = preSolution
		HideSolutionNode = FALSE
	EndGlobalSection
	GlobalSection(ExtensibilityGlobals) = postSolution
		SolutionGuid = {317DB27C-67F3-436F-B2DC-B2EE1563E284}
	EndGlobalSection
EndGlobal
