
Microsoft Visual Studio Solution File, Format Version 12.00
# Visual Studio Version 17
VisualStudioVersion = 17.0.32014.148
MinimumVisualStudioVersion = 10.0.40219.1
Project("{FAE04EC0-301F-11D3-BF4B-00C04F79EFBC}") = "Figuras", "Figuras\Figuras.csproj", "{916D31C1-551D-41C2-A60B-57084C86E0A1}"
EndProject
Global
	GlobalSection(SolutionConfigurationPlatforms) = preSolution
		Debug|Any CPU = Debug|Any CPU
		Release|Any CPU = Release|Any CPU
	EndGlobalSection
	GlobalSection(ProjectConfigurationPlatforms) = postSolution
		{916D31C1-551D-41C2-A60B-57084C86E0A1}.Debug|Any CPU.ActiveCfg = Debug|Any CPU
		{916D31C1-551D-41C2-A60B-57084C86E0A1}.Debug|Any CPU.Build.0 = Debug|Any CPU
		{916D31C1-551D-41C2-A60B-57084C86E0A1}.Release|Any CPU.ActiveCfg = Release|Any CPU
		{916D31C1-551D-41C2-A60B-57084C86E0A1}.Release|Any CPU.Build.0 = Release|Any CPU
	EndGlobalSection
	GlobalSection(SolutionProperties) = preSolution
		HideSolutionNode = FALSE
	EndGlobalSection
	GlobalSection(ExtensibilityGlobals) = postSolution
		SolutionGuid = {C18B8EDB-65D4-4608-AAF5-54F324455019}
	EndGlobalSection
EndGlobal
